// !$*UTF8*$!
{
	archiveVersion = 1;
	classes = {
	};
	objectVersion = 56;
	objects = {

/* Begin PBXBuildFile section */
		DDCDEDEA2B8DF7140060ABC4 /* AppDelegate.swift in Sources */ = {isa = PBXBuildFile; fileRef = DDCDEDE92B8DF7140060ABC4 /* AppDelegate.swift */; };
		DDCDEDEC2B8DF7140060ABC4 /* SceneDelegate.swift in Sources */ = {isa = PBXBuildFile; fileRef = DDCDEDEB2B8DF7140060ABC4 /* SceneDelegate.swift */; };
		DDCDEDEE2B8DF7140060ABC4 /* ViewController.swift in Sources */ = {isa = PBXBuildFile; fileRef = DDCDEDED2B8DF7140060ABC4 /* ViewController.swift */; };
		DDCDEDF12B8DF7140060ABC4 /* Main.storyboard in Resources */ = {isa = PBXBuildFile; fileRef = DDCDEDEF2B8DF7140060ABC4 /* Main.storyboard */; };
		DDCDEDF32B8DF7150060ABC4 /* Assets.xcassets in Resources */ = {isa = PBXBuildFile; fileRef = DDCDEDF22B8DF7150060ABC4 /* Assets.xcassets */; };
		DDCDEDF62B8DF7150060ABC4 /* LaunchScreen.storyboard in Resources */ = {isa = PBXBuildFile; fileRef = DDCDEDF42B8DF7150060ABC4 /* LaunchScreen.storyboard */; };
		DDCDEDFF2B8DF73D0060ABC4 /* FancyGradient in Frameworks */ = {isa = PBXBuildFile; productRef = DDCDEDFE2B8DF73D0060ABC4 /* FancyGradient */; };
/* End PBXBuildFile section */

/* Begin PBXFileReference section */
		DDCDEDE62B8DF7140060ABC4 /* Fancy.app */ = {isa = PBXFileReference; explicitFileType = wrapper.application; includeInIndex = 0; path = Fancy.app; sourceTree = BUILT_PRODUCTS_DIR; };
		DDCDEDE92B8DF7140060ABC4 /* AppDelegate.swift */ = {isa = PBXFileReference; lastKnownFileType = sourcecode.swift; path = AppDelegate.swift; sourceTree = "<group>"; };
		DDCDEDEB2B8DF7140060ABC4 /* SceneDelegate.swift */ = {isa = PBXFileReference; lastKnownFileType = sourcecode.swift; path = SceneDelegate.swift; sourceTree = "<group>"; };
		DDCDEDED2B8DF7140060ABC4 /* ViewController.swift */ = {isa = PBXFileReference; lastKnownFileType = sourcecode.swift; path = ViewController.swift; sourceTree = "<group>"; };
		DDCDEDF02B8DF7140060ABC4 /* Base */ = {isa = PBXFileReference; lastKnownFileType = file.storyboard; name = Base; path = Base.lproj/Main.storyboard; sourceTree = "<group>"; };
		DDCDEDF22B8DF7150060ABC4 /* Assets.xcassets */ = {isa = PBXFileReference; lastKnownFileType = folder.assetcatalog; path = Assets.xcassets; sourceTree = "<group>"; };
		DDCDEDF52B8DF7150060ABC4 /* Base */ = {isa = PBXFileReference; lastKnownFileType = file.storyboard; name = Base; path = Base.lproj/LaunchScreen.storyboard; sourceTree = "<group>"; };
		DDCDEDF72B8DF7150060ABC4 /* Info.plist */ = {isa = PBXFileReference; lastKnownFileType = text.plist.xml; path = Info.plist; sourceTree = "<group>"; };
/* End PBXFileReference section */

/* Begin PBXFrameworksBuildPhase section */
		DDCDEDE32B8DF7140060ABC4 /* Frameworks */ = {
			isa = PBXFrameworksBuildPhase;
			buildActionMask = 2147483647;
			files = (
				DDCDEDFF2B8DF73D0060ABC4 /* FancyGradient in Frameworks */,
			);
			runOnlyForDeploymentPostprocessing = 0;
		};
/* End PBXFrameworksBuildPhase section */

/* Begin PBXGroup section */
		DDCDEDDD2B8DF7130060ABC4 = {
			isa = PBXGroup;
			children = (
				DDCDEDE82B8DF7140060ABC4 /* Fancy */,
				DDCDEDE72B8DF7140060ABC4 /* Products */,
			);
			sourceTree = "<group>";
		};
		DDCDEDE72B8DF7140060ABC4 /* Products */ = {
			isa = PBXGroup;
			children = (
				DDCDEDE62B8DF7140060ABC4 /* Fancy.app */,
			);
			name = Products;
			sourceTree = "<group>";
		};
		DDCDEDE82B8DF7140060ABC4 /* Fancy */ = {
			isa = PBXGroup;
			children = (
				DDCDEDE92B8DF7140060ABC4 /* AppDelegate.swift */,
				DDCDEDEB2B8DF7140060ABC4 /* SceneDelegate.swift */,
				DDCDEDED2B8DF7140060ABC4 /* ViewController.swift */,
				DDCDEDEF2B8DF7140060ABC4 /* Main.storyboard */,
				DDCDEDF22B8DF7150060ABC4 /* Assets.xcassets */,
				DDCDEDF42B8DF7150060ABC4 /* LaunchScreen.storyboard */,
				DDCDEDF72B8DF7150060ABC4 /* Info.plist */,
			);
			path = Fancy;
			sourceTree = "<group>";
		};
/* End PBXGroup section */

/* Begin PBXNativeTarget section */
		DDCDEDE52B8DF7140060ABC4 /* Fancy */ = {
			isa = PBXNativeTarget;
			buildConfigurationList = DDCDEDFA2B8DF7150060ABC4 /* Build configuration list for PBXNativeTarget "Fancy" */;
			buildPhases = (
				DDCDEDE22B8DF7140060ABC4 /* Sources */,
				DDCDEDE32B8DF7140060ABC4 /* Frameworks */,
				DDCDEDE42B8DF7140060ABC4 /* Resources */,
			);
			buildRules = (
			);
			dependencies = (
			);
			name = Fancy;
			packageProductDependencies = (
				DDCDEDFE2B8DF73D0060ABC4 /* FancyGradient */,
			);
			productName = Fancy;
			productReference = DDCDEDE62B8DF7140060ABC4 /* Fancy.app */;
			productType = "com.apple.product-type.application";
		};
/* End PBXNativeTarget section */

/* Begin PBXProject section */
		DDCDEDDE2B8DF7130060ABC4 /* Project object */ = {
			isa = PBXProject;
			attributes = {
				BuildIndependentTargetsInParallel = 1;
				LastSwiftUpdateCheck = 1520;
				LastUpgradeCheck = 1520;
				TargetAttributes = {
					DDCDEDE52B8DF7140060ABC4 = {
						CreatedOnToolsVersion = 15.2;
					};
				};
			};
			buildConfigurationList = DDCDEDE12B8DF7130060ABC4 /* Build configuration list for PBXProject "Fancy" */;
			compatibilityVersion = "Xcode 14.0";
			developmentRegion = en;
			hasScannedForEncodings = 0;
			knownRegions = (
				en,
				Base,
			);
			mainGroup = DDCDEDDD2B8DF7130060ABC4;
			packageReferences = (
				DDCDEDFD2B8DF73D0060ABC4 /* XCRemoteSwiftPackageReference "fancyGradient" */,
			);
			productRefGroup = DDCDEDE72B8DF7140060ABC4 /* Products */;
			projectDirPath = "";
			projectRoot = "";
			targets = (
				DDCDEDE52B8DF7140060ABC4 /* Fancy */,
			);
		};
/* End PBXProject section */

/* Begin PBXResourcesBuildPhase section */
		DDCDEDE42B8DF7140060ABC4 /* Resources */ = {
			isa = PBXResourcesBuildPhase;
			buildActionMask = 2147483647;
			files = (
				DDCDEDF62B8DF7150060ABC4 /* LaunchScreen.storyboard in Resources */,
				DDCDEDF32B8DF7150060ABC4 /* Assets.xcassets in Resources */,
				DDCDEDF12B8DF7140060ABC4 /* Main.storyboard in Resources */,
			);
			runOnlyForDeploymentPostprocessing = 0;
		};
/* End PBXResourcesBuildPhase section */

/* Begin PBXSourcesBuildPhase section */
		DDCDEDE22B8DF7140060ABC4 /* Sources */ = {
			isa = PBXSourcesBuildPhase;
			buildActionMask = 2147483647;
			files = (
				DDCDEDEE2B8DF7140060ABC4 /* ViewController.swift in Sources */,
				DDCDEDEA2B8DF7140060ABC4 /* AppDelegate.swift in Sources */,
				DDCDEDEC2B8DF7140060ABC4 /* SceneDelegate.swift in Sources */,
			);
			runOnlyForDeploymentPostprocessing = 0;
		};
/* End PBXSourcesBuildPhase section */

/* Begin PBXVariantGroup section */
		DDCDEDEF2B8DF7140060ABC4 /* Main.storyboard */ = {
			isa = PBXVariantGroup;
			children = (
				DDCDEDF02B8DF7140060ABC4 /* Base */,
			);
			name = Main.storyboard;
			sourceTree = "<group>";
		};
		DDCDEDF42B8DF7150060ABC4 /* LaunchScreen.storyboard */ = {
			isa = PBXVariantGroup;
			children = (
				DDCDEDF52B8DF7150060ABC4 /* Base */,
			);
			name = LaunchScreen.storyboard;
			sourceTree = "<group>";
		};
/* End PBXVariantGroup section */

/* Begin XCBuildConfiguration section */
		DDCDEDF82B8DF7150060ABC4 /* Debug */ = {
			isa = XCBuildConfiguration;
			buildSettings = {
				ALWAYS_SEARCH_USER_PATHS = NO;
				ASSETCATALOG_COMPILER_GENERATE_SWIFT_ASSET_SYMBOL_EXTENSIONS = YES;
				CLANG_ANALYZER_NONNULL = YES;
				CLANG_ANALYZER_NUMBER_OBJECT_CONVERSION = YES_AGGRESSIVE;
				CLANG_CXX_LANGUAGE_STANDARD = "gnu++20";
				CLANG_ENABLE_MODULES = YES;
				CLANG_ENABLE_OBJC_ARC = YES;
				CLANG_ENABLE_OBJC_WEAK = YES;
				CLANG_WARN_BLOCK_CAPTURE_AUTORELEASING = YES;
				CLANG_WARN_BOOL_CONVERSION = YES;
				CLANG_WARN_COMMA = YES;
				CLANG_WARN_CONSTANT_CONVERSION = YES;
				CLANG_WARN_DEPRECATED_OBJC_IMPLEMENTATIONS = YES;
				CLANG_WARN_DIRECT_OBJC_ISA_USAGE = YES_ERROR;
				CLANG_WARN_DOCUMENTATION_COMMENTS = YES;
				CLANG_WARN_EMPTY_BODY = YES;
				CLANG_WARN_ENUM_CONVERSION = YES;
				CLANG_WARN_INFINITE_RECURSION = YES;
				CLANG_WARN_INT_CONVERSION = YES;
				CLANG_WARN_NON_LITERAL_NULL_CONVERSION = YES;
				CLANG_WARN_OBJC_IMPLICIT_RETAIN_SELF = YES;
				CLANG_WARN_OBJC_LITERAL_CONVERSION = YES;
				CLANG_WARN_OBJC_ROOT_CLASS = YES_ERROR;
				CLANG_WARN_QUOTED_INCLUDE_IN_FRAMEWORK_HEADER = YES;
				CLANG_WARN_RANGE_LOOP_ANALYSIS = YES;
				CLANG_WARN_STRICT_PROTOTYPES = YES;
				CLANG_WARN_SUSPICIOUS_MOVE = YES;
				CLANG_WARN_UNGUARDED_AVAILABILITY = YES_AGGRESSIVE;
				CLANG_WARN_UNREACHABLE_CODE = YES;
				CLANG_WARN__DUPLICATE_METHOD_MATCH = YES;
				COPY_PHASE_STRIP = NO;
				DEBUG_INFORMATION_FORMAT = dwarf;
				ENABLE_STRICT_OBJC_MSGSEND = YES;
				ENABLE_TESTABILITY = YES;
				ENABLE_USER_SCRIPT_SANDBOXING = YES;
				GCC_C_LANGUAGE_STANDARD = gnu17;
				GCC_DYNAMIC_NO_PIC = NO;
				GCC_NO_COMMON_BLOCKS = YES;
				GCC_OPTIMIZATION_LEVEL = 0;
				GCC_PREPROCESSOR_DEFINITIONS = (
					"DEBUG=1",
					"$(inherited)",
				);
				GCC_WARN_64_TO_32_BIT_CONVERSION = YES;
				GCC_WARN_ABOUT_RETURN_TYPE = YES_ERROR;
				GCC_WARN_UNDECLARED_SELECTOR = YES;
				GCC_WARN_UNINITIALIZED_AUTOS = YES_AGGRESSIVE;
				GCC_WARN_UNUSED_FUNCTION = YES;
				GCC_WARN_UNUSED_VARIABLE = YES;
				IPHONEOS_DEPLOYMENT_TARGET = 17.2;
				LOCALIZATION_PREFERS_STRING_CATALOGS = YES;
				MTL_ENABLE_DEBUG_INFO = INCLUDE_SOURCE;
				MTL_FAST_MATH = YES;
				ONLY_ACTIVE_ARCH = YES;
				SDKROOT = iphoneos;
				SWIFT_ACTIVE_COMPILATION_CONDITIONS = "DEBUG $(inherited)";
				SWIFT_OPTIMIZATION_LEVEL = "-Onone";
			};
			name = Debug;
		};
		DDCDEDF92B8DF7150060ABC4 /* Release */ = {
			isa = XCBuildConfiguration;
			buildSettings = {
				ALWAYS_SEARCH_USER_PATHS = NO;
				ASSETCATALOG_COMPILER_GENERATE_SWIFT_ASSET_SYMBOL_EXTENSIONS = YES;
				CLANG_ANALYZER_NONNULL = YES;
				CLANG_ANALYZER_NUMBER_OBJECT_CONVERSION = YES_AGGRESSIVE;
				CLANG_CXX_LANGUAGE_STANDARD = "gnu++20";
				CLANG_ENABLE_MODULES = YES;
				CLANG_ENABLE_OBJC_ARC = YES;
				CLANG_ENABLE_OBJC_WEAK = YES;
				CLANG_WARN_BLOCK_CAPTURE_AUTORELEASING = YES;
				CLANG_WARN_BOOL_CONVERSION = YES;
				CLANG_WARN_COMMA = YES;
				CLANG_WARN_CONSTANT_CONVERSION = YES;
				CLANG_WARN_DEPRECATED_OBJC_IMPLEMENTATIONS = YES;
				CLANG_WARN_DIRECT_OBJC_ISA_USAGE = YES_ERROR;
				CLANG_WARN_DOCUMENTATION_COMMENTS = YES;
				CLANG_WARN_EMPTY_BODY = YES;
				CLANG_WARN_ENUM_CONVERSION = YES;
				CLANG_WARN_INFINITE_RECURSION = YES;
				CLANG_WARN_INT_CONVERSION = YES;
				CLANG_WARN_NON_LITERAL_NULL_CONVERSION = YES;
				CLANG_WARN_OBJC_IMPLICIT_RETAIN_SELF = YES;
				CLANG_WARN_OBJC_LITERAL_CONVERSION = YES;
				CLANG_WARN_OBJC_ROOT_CLASS = YES_ERROR;
				CLANG_WARN_QUOTED_INCLUDE_IN_FRAMEWORK_HEADER = YES;
				CLANG_WARN_RANGE_LOOP_ANALYSIS = YES;
				CLANG_WARN_STRICT_PROTOTYPES = YES;
				CLANG_WARN_SUSPICIOUS_MOVE = YES;
				CLANG_WARN_UNGUARDED_AVAILABILITY = YES_AGGRESSIVE;
				CLANG_WARN_UNREACHABLE_CODE = YES;
				CLANG_WARN__DUPLICATE_METHOD_MATCH = YES;
				COPY_PHASE_STRIP = NO;
				DEBUG_INFORMATION_FORMAT = "dwarf-with-dsym";
				ENABLE_NS_ASSERTIONS = NO;
				ENABLE_STRICT_OBJC_MSGSEND = YES;
				ENABLE_USER_SCRIPT_SANDBOXING = YES;
				GCC_C_LANGUAGE_STANDARD = gnu17;
				GCC_NO_COMMON_BLOCKS = YES;
				GCC_WARN_64_TO_32_BIT_CONVERSION = YES;
				GCC_WARN_ABOUT_RETURN_TYPE = YES_ERROR;
				GCC_WARN_UNDECLARED_SELECTOR = YES;
				GCC_WARN_UNINITIALIZED_AUTOS = YES_AGGRESSIVE;
				GCC_WARN_UNUSED_FUNCTION = YES;
				GCC_WARN_UNUSED_VARIABLE = YES;
				IPHONEOS_DEPLOYMENT_TARGET = 17.2;
				LOCALIZATION_PREFERS_STRING_CATALOGS = YES;
				MTL_ENABLE_DEBUG_INFO = NO;
				MTL_FAST_MATH = YES;
				SDKROOT = iphoneos;
				SWIFT_COMPILATION_MODE = wholemodule;
				VALIDATE_PRODUCT = YES;
			};
			name = Release;
		};
		DDCDEDFB2B8DF7150060ABC4 /* Debug */ = {
			isa = XCBuildConfiguration;
			buildSettings = {
				ASSETCATALOG_COMPILER_APPICON_NAME = AppIcon;
				ASSETCATALOG_COMPILER_GLOBAL_ACCENT_COLOR_NAME = AccentColor;
				CODE_SIGN_STYLE = Automatic;
				CURRENT_PROJECT_VERSION = 1;
				DEVELOPMENT_TEAM = P8WM7S3QUA;
				GENERATE_INFOPLIST_FILE = YES;
				INFOPLIST_FILE = Fancy/Info.plist;
				INFOPLIST_KEY_UIApplicationSupportsIndirectInputEvents = YES;
				INFOPLIST_KEY_UILaunchStoryboardName = LaunchScreen;
				INFOPLIST_KEY_UIMainStoryboardFile = Main;
				INFOPLIST_KEY_UISupportedInterfaceOrientations_iPad = "UIInterfaceOrientationPortrait UIInterfaceOrientationPortraitUpsideDown UIInterfaceOrientationLandscapeLeft UIInterfaceOrientationLandscapeRight";
				INFOPLIST_KEY_UISupportedInterfaceOrientations_iPhone = "UIInterfaceOrientationPortrait UIInterfaceOrientationLandscapeLeft UIInterfaceOrientationLandscapeRight";
				LD_RUNPATH_SEARCH_PATHS = (
					"$(inherited)",
					"@executable_path/Frameworks",
				);
				MARKETING_VERSION = 1.0;
				PRODUCT_BUNDLE_IDENTIFIER = com.monkeyfood.Fancy;
				PRODUCT_NAME = "$(TARGET_NAME)";
				SWIFT_EMIT_LOC_STRINGS = YES;
				SWIFT_VERSION = 5.0;
				TARGETED_DEVICE_FAMILY = "1,2";
			};
			name = Debug;
		};
		DDCDEDFC2B8DF7150060ABC4 /* Release */ = {
			isa = XCBuildConfiguration;
			buildSettings = {
				ASSETCATALOG_COMPILER_APPICON_NAME = AppIcon;
				ASSETCATALOG_COMPILER_GLOBAL_ACCENT_COLOR_NAME = AccentColor;
				CODE_SIGN_STYLE = Automatic;
				CURRENT_PROJECT_VERSION = 1;
				DEVELOPMENT_TEAM = P8WM7S3QUA;
				GENERATE_INFOPLIST_FILE = YES;
				INFOPLIST_FILE = Fancy/Info.plist;
				INFOPLIST_KEY_UIApplicationSupportsIndirectInputEvents = YES;
				INFOPLIST_KEY_UILaunchStoryboardName = LaunchScreen;
				INFOPLIST_KEY_UIMainStoryboardFile = Main;
				INFOPLIST_KEY_UISupportedInterfaceOrientations_iPad = "UIInterfaceOrientationPortrait UIInterfaceOrientationPortraitUpsideDown UIInterfaceOrientationLandscapeLeft UIInterfaceOrientationLandscapeRight";
				INFOPLIST_KEY_UISupportedInterfaceOrientations_iPhone = "UIInterfaceOrientationPortrait UIInterfaceOrientationLandscapeLeft UIInterfaceOrientationLandscapeRight";
				LD_RUNPATH_SEARCH_PATHS = (
					"$(inherited)",
					"@executable_path/Frameworks",
				);
				MARKETING_VERSION = 1.0;
				PRODUCT_BUNDLE_IDENTIFIER = com.monkeyfood.Fancy;
				PRODUCT_NAME = "$(TARGET_NAME)";
				SWIFT_EMIT_LOC_STRINGS = YES;
				SWIFT_VERSION = 5.0;
				TARGETED_DEVICE_FAMILY = "1,2";
			};
			name = Release;
		};
/* End XCBuildConfiguration section */

/* Begin XCConfigurationList section */
		DDCDEDE12B8DF7130060ABC4 /* Build configuration list for PBXProject "Fancy" */ = {
			isa = XCConfigurationList;
			buildConfigurations = (
				DDCDEDF82B8DF7150060ABC4 /* Debug */,
				DDCDEDF92B8DF7150060ABC4 /* Release */,
			);
			defaultConfigurationIsVisible = 0;
			defaultConfigurationName = Release;
		};
		DDCDEDFA2B8DF7150060ABC4 /* Build configuration list for PBXNativeTarget "Fancy" */ = {
			isa = XCConfigurationList;
			buildConfigurations = (
				DDCDEDFB2B8DF7150060ABC4 /* Debug */,
				DDCDEDFC2B8DF7150060ABC4 /* Release */,
			);
			defaultConfigurationIsVisible = 0;
			defaultConfigurationName = Release;
		};
/* End XCConfigurationList section */

/* Begin XCRemoteSwiftPackageReference section */
		DDCDEDFD2B8DF73D0060ABC4 /* XCRemoteSwiftPackageReference "fancyGradient" */ = {
			isa = XCRemoteSwiftPackageReference;
			repositoryURL = "https://github.com/Nikoloutsos/fancyGradient";
			requirement = {
				kind = upToNextMajorVersion;
				minimumVersion = 1.0.2;
			};
		};
/* End XCRemoteSwiftPackageReference section */

/* Begin XCSwiftPackageProductDependency section */
		DDCDEDFE2B8DF73D0060ABC4 /* FancyGradient */ = {
			isa = XCSwiftPackageProductDependency;
			package = DDCDEDFD2B8DF73D0060ABC4 /* XCRemoteSwiftPackageReference "fancyGradient" */;
			productName = FancyGradient;
		};
/* End XCSwiftPackageProductDependency section */
	};
	rootObject = DDCDEDDE2B8DF7130060ABC4 /* Project object */;
}
